<?xml version="1.0" encoding="utf-8"?>
<Project ToolsVersion="4.0" xmlns="http://schemas.microsoft.com/developer/msbuild/2003">
  <ItemGroup>
    <Filter Include="源文件">
      <UniqueIdentifier>{4FC737F1-C7A5-4376-A066-2A32D752A2FF}</UniqueIdentifier>
      <Extensions>cpp;c;cc;cxx;c++;cppm;ixx;def;odl;idl;hpj;bat;asm;asmx</Extensions>
    </Filter>
    <Filter Include="头文件">
      <UniqueIdentifier>{93995380-89BD-4b04-88EB-625FBE52EBFB}</UniqueIdentifier>
      <Extensions>h;hh;hpp;hxx;h++;hm;inl;inc;ipp;xsd</Extensions>
    </Filter>
    <Filter Include="资源文件">
      <UniqueIdentifier>{67DA6AB6-F800-4c08-8B7A-83BB121AAD01}</UniqueIdentifier>
      <Extensions>rc;ico;cur;bmp;dlg;rc2;rct;bin;rgs;gif;jpg;jpeg;jpe;resx;tiff;tif;png;wav;mfcribbon-ms</Extensions>
    </Filter>
    <Filter Include="源文件\buildings">
      <UniqueIdentifier>{1d3dc507-d545-4f1f-9359-e383903c8545}</UniqueIdentifier>
    </Filter>
    <Filter Include="头文件\buildings">
      <UniqueIdentifier>{86d20afe-27c5-4ed1-9fce-64d104ac9fa5}</UniqueIdentifier>
    </Filter>
    <Filter Include="资源文件\image">
      <UniqueIdentifier>{479e67f5-7a05-4cad-a9bd-40ad896b5026}</UniqueIdentifier>
    </Filter>
    <Filter Include="资源文件\image\building_icons">
      <UniqueIdentifier>{c3f820ee-d5fd-4ff8-942d-c5c2b2f0b732}</UniqueIdentifier>
    </Filter>
    <Filter Include="资源文件\image\colors">
      <UniqueIdentifier>{e64f5806-d709-4a1a-9945-256a6837fd82}</UniqueIdentifier>
    </Filter>
    <Filter Include="资源文件\image\buildings">
      <UniqueIdentifier>{f2b1d165-4e4d-470d-94e2-ba3e155ce3c2}</UniqueIdentifier>
    </Filter>
    <Filter Include="资源文件\glsl">
      <UniqueIdentifier>{c87619a4-c28f-4df8-9b4b-41786bf38ee1}</UniqueIdentifier>
    </Filter>
    <Filter Include="资源文件\image\shapes">
      <UniqueIdentifier>{437d9816-65ca-45e5-aca1-0e9b7038de2e}</UniqueIdentifier>
    </Filter>
    <Filter Include="源文件\lib">
      <UniqueIdentifier>{fdcfd367-1d7a-4be3-a6c1-3f3c828793de}</UniqueIdentifier>
    </Filter>
    <Filter Include="源文件\gl_util">
      <UniqueIdentifier>{538f0257-5742-4cc9-a183-90db00fc2e0a}</UniqueIdentifier>
    </Filter>
    <Filter Include="头文件\gl_util">
      <UniqueIdentifier>{85a57e5c-32fa-41a8-b594-82afc2e8b6fb}</UniqueIdentifier>
    </Filter>
    <Filter Include="资源文件\image\psd">
      <UniqueIdentifier>{031b78dd-5d94-4255-889c-c0716efdaa6a}</UniqueIdentifier>
    </Filter>
  </ItemGroup>
  <ItemGroup>
    <ClInclude Include="Building.h">
      <Filter>头文件\buildings</Filter>
    </ClInclude>
    <ClInclude Include="Common.h">
      <Filter>头文件</Filter>
    </ClInclude>
    <ClInclude Include="GameLogic.h">
      <Filter>头文件</Filter>
    </ClInclude>
    <ClInclude Include="GameMap.h">
      <Filter>头文件</Filter>
    </ClInclude>
    <ClInclude Include="GameRenderer.h">
      <Filter>头文件</Filter>
    </ClInclude>
    <ClInclude Include="Item.h">
      <Filter>头文件</Filter>
    </ClInclude>
    <ClInclude Include="Main.h">
      <Filter>头文件</Filter>
    </ClInclude>
    <ClInclude Include="Timer.h">
      <Filter>头文件</Filter>
    </ClInclude>
    <ClInclude Include="GameWindow.h">
      <Filter>头文件</Filter>
    </ClInclude>
    <ClInclude Include="MouseHelper.h">
      <Filter>头文件</Filter>
    </ClInclude>
    <ClInclude Include="Resouces.h">
      <Filter>头文件</Filter>
    </ClInclude>
    <ClInclude Include="BorderDrawer.h">
      <Filter>头文件\gl_util</Filter>
    </ClInclude>
    <ClInclude Include="TextureInstanceDrawer.h">
      <Filter>头文件\gl_util</Filter>
    </ClInclude>
    <ClInclude Include="AbstractDrawer.h">
      <Filter>头文件\gl_util</Filter>
    </ClInclude>
    <ClInclude Include="BuildingMiner.h">
      <Filter>头文件\buildings</Filter>
    </ClInclude>
    <ClInclude Include="BuildingBelt.h">
      <Filter>头文件\buildings</Filter>
    </ClInclude>
    <ClInclude Include="BuildingHub.h">
      <Filter>头文件\buildings</Filter>
    </ClInclude>
    <ClInclude Include="FontDrawer.h">
      <Filter>头文件\gl_util</Filter>
    </ClInclude>
    <ClInclude Include="Atlas.h">
      <Filter>头文件\gl_util</Filter>
    </ClInclude>
    <ClInclude Include="TextureDrawer.h">
      <Filter>头文件\gl_util</Filter>
    </ClInclude>
  </ItemGroup>
  <ItemGroup>
    <ClCompile Include="app.cpp">
      <Filter>源文件</Filter>
    </ClCompile>
    <ClCompile Include="Common.cpp">
      <Filter>源文件</Filter>
    </ClCompile>
    <ClCompile Include="GameLogic.cpp">
      <Filter>源文件</Filter>
    </ClCompile>
    <ClCompile Include="GameMap.cpp">
      <Filter>源文件</Filter>
    </ClCompile>
    <ClCompile Include="GameRenderer.cpp">
      <Filter>源文件</Filter>
    </ClCompile>
    <ClCompile Include="Item.cpp">
      <Filter>源文件</Filter>
    </ClCompile>
    <ClCompile Include="Main.cpp">
      <Filter>源文件</Filter>
    </ClCompile>
    <ClCompile Include="Timer.cpp">
      <Filter>源文件</Filter>
    </ClCompile>
    <ClCompile Include="GameWindow.cpp">
      <Filter>源文件</Filter>
    </ClCompile>
    <ClCompile Include="Resouces.cpp">
      <Filter>源文件</Filter>
    </ClCompile>
    <ClCompile Include="MouseHelper.cpp">
      <Filter>源文件</Filter>
    </ClCompile>
    <ClCompile Include="..\..\SupportLibraries\vs_libs\src\glad.c">
      <Filter>源文件\lib</Filter>
    </ClCompile>
    <ClCompile Include="BorderDrawer.cpp">
      <Filter>源文件\gl_util</Filter>
    </ClCompile>
    <ClCompile Include="TextureInstanceDrawer.cpp">
      <Filter>源文件\gl_util</Filter>
    </ClCompile>
    <ClCompile Include="AbstractDrawer.cpp">
      <Filter>源文件\gl_util</Filter>
    </ClCompile>
    <ClCompile Include="Building.cpp">
      <Filter>源文件\buildings</Filter>
    </ClCompile>
    <ClCompile Include="BuildingMiner.cpp">
      <Filter>源文件\buildings</Filter>
    </ClCompile>
    <ClCompile Include="BuildingBelt.cpp">
      <Filter>源文件\buildings</Filter>
    </ClCompile>
    <ClCompile Include="BuildingHub.cpp">
      <Filter>源文件\buildings</Filter>
    </ClCompile>
    <ClCompile Include="FontDrawer.cpp">
      <Filter>源文件\gl_util</Filter>
    </ClCompile>
    <ClCompile Include="Atlas.cpp">
      <Filter>源文件\gl_util</Filter>
    </ClCompile>
    <ClCompile Include="TextureDrawer.cpp">
      <Filter>源文件\gl_util</Filter>
    </ClCompile>
  </ItemGroup>
  <ItemGroup>
    <Image Include="image\colors\blue.png">
      <Filter>资源文件\image\colors</Filter>
    </Image>
    <Image Include="image\colors\cyan.png">
      <Filter>资源文件\image\colors</Filter>
    </Image>
    <Image Include="image\colors\green.png">
      <Filter>资源文件\image\colors</Filter>
    </Image>
    <Image Include="image\colors\purple.png">
      <Filter>资源文件\image\colors</Filter>
    </Image>
    <Image Include="image\colors\red.png">
      <Filter>资源文件\image\colors</Filter>
    </Image>
    <Image Include="image\colors\uncolored.png">
      <Filter>资源文件\image\colors</Filter>
    </Image>
    <Image Include="image\colors\white.png">
      <Filter>资源文件\image\colors</Filter>
    </Image>
    <Image Include="image\colors\yellow.png">
      <Filter>资源文件\image\colors</Filter>
    </Image>
    <Image Include="image\buildings\balancer.png">
      <Filter>资源文件\image\buildings</Filter>
    </Image>
    <Image Include="image\buildings\cutter.png">
      <Filter>资源文件\image\buildings</Filter>
    </Image>
    <Image Include="image\buildings\forward_0.png">
      <Filter>资源文件\image\buildings</Filter>
    </Image>
    <Image Include="image\buildings\forward_1.png">
      <Filter>资源文件\image\buildings</Filter>
    </Image>
    <Image Include="image\buildings\forward_2.png">
      <Filter>资源文件\image\buildings</Filter>
    </Image>
    <Image Include="image\buildings\forward_3.png">
      <Filter>资源文件\image\buildings</Filter>
    </Image>
    <Image Include="image\buildings\forward_4.png">
      <Filter>资源文件\image\buildings</Filter>
    </Image>
    <Image Include="image\buildings\forward_5.png">
      <Filter>资源文件\image\buildings</Filter>
    </Image>
    <Image Include="image\buildings\forward_6.png">
      <Filter>资源文件\image\buildings</Filter>
    </Image>
    <Image Include="image\buildings\forward_7.png">
      <Filter>资源文件\image\buildings</Filter>
    </Image>
    <Image Include="image\buildings\forward_8.png">
      <Filter>资源文件\image\buildings</Filter>
    </Image>
    <Image Include="image\buildings\forward_9.png">
      <Filter>资源文件\image\buildings</Filter>
    </Image>
    <Image Include="image\buildings\forward_10.png">
      <Filter>资源文件\image\buildings</Filter>
    </Image>
    <Image Include="image\buildings\forward_11.png">
      <Filter>资源文件\image\buildings</Filter>
    </Image>
    <Image Include="image\buildings\forward_12.png">
      <Filter>资源文件\image\buildings</Filter>
    </Image>
    <Image Include="image\buildings\forward_13.png">
      <Filter>资源文件\image\buildings</Filter>
    </Image>
    <Image Include="image\buildings\hub.png">
      <Filter>资源文件\image\buildings</Filter>
    </Image>
    <Image Include="image\buildings\left_0.png">
      <Filter>资源文件\image\buildings</Filter>
    </Image>
    <Image Include="image\buildings\left_1.png">
      <Filter>资源文件\image\buildings</Filter>
    </Image>
    <Image Include="image\buildings\left_2.png">
      <Filter>资源文件\image\buildings</Filter>
    </Image>
    <Image Include="image\buildings\left_3.png">
      <Filter>资源文件\image\buildings</Filter>
    </Image>
    <Image Include="image\buildings\left_4.png">
      <Filter>资源文件\image\buildings</Filter>
    </Image>
    <Image Include="image\buildings\left_5.png">
      <Filter>资源文件\image\buildings</Filter>
    </Image>
    <Image Include="image\buildings\left_6.png">
      <Filter>资源文件\image\buildings</Filter>
    </Image>
    <Image Include="image\buildings\left_7.png">
      <Filter>资源文件\image\buildings</Filter>
    </Image>
    <Image Include="image\buildings\left_8.png">
      <Filter>资源文件\image\buildings</Filter>
    </Image>
    <Image Include="image\buildings\left_9.png">
      <Filter>资源文件\image\buildings</Filter>
    </Image>
    <Image Include="image\buildings\left_10.png">
      <Filter>资源文件\image\buildings</Filter>
    </Image>
    <Image Include="image\buildings\left_11.png">
      <Filter>资源文件\image\buildings</Filter>
    </Image>
    <Image Include="image\buildings\left_12.png">
      <Filter>资源文件\image\buildings</Filter>
    </Image>
    <Image Include="image\buildings\left_13.png">
      <Filter>资源文件\image\buildings</Filter>
    </Image>
    <Image Include="image\buildings\miner.png">
      <Filter>资源文件\image\buildings</Filter>
    </Image>
    <Image Include="image\buildings\miner-chainable.png">
      <Filter>资源文件\image\buildings</Filter>
    </Image>
    <Image Include="image\buildings\mixer.png">
      <Filter>资源文件\image\buildings</Filter>
    </Image>
    <Image Include="image\buildings\painter.png">
      <Filter>资源文件\image\buildings</Filter>
    </Image>
    <Image Include="image\buildings\right_0.png">
      <Filter>资源文件\image\buildings</Filter>
    </Image>
    <Image Include="image\buildings\right_1.png">
      <Filter>资源文件\image\buildings</Filter>
    </Image>
    <Image Include="image\buildings\right_2.png">
      <Filter>资源文件\image\buildings</Filter>
    </Image>
    <Image Include="image\buildings\right_3.png">
      <Filter>资源文件\image\buildings</Filter>
    </Image>
    <Image Include="image\buildings\right_4.png">
      <Filter>资源文件\image\buildings</Filter>
    </Image>
    <Image Include="image\buildings\right_5.png">
      <Filter>资源文件\image\buildings</Filter>
    </Image>
    <Image Include="image\buildings\right_6.png">
      <Filter>资源文件\image\buildings</Filter>
    </Image>
    <Image Include="image\buildings\right_7.png">
      <Filter>资源文件\image\buildings</Filter>
    </Image>
    <Image Include="image\buildings\right_8.png">
      <Filter>资源文件\image\buildings</Filter>
    </Image>
    <Image Include="image\buildings\right_9.png">
      <Filter>资源文件\image\buildings</Filter>
    </Image>
    <Image Include="image\buildings\right_10.png">
      <Filter>资源文件\image\buildings</Filter>
    </Image>
    <Image Include="image\buildings\right_11.png">
      <Filter>资源文件\image\buildings</Filter>
    </Image>
    <Image Include="image\buildings\right_12.png">
      <Filter>资源文件\image\buildings</Filter>
    </Image>
    <Image Include="image\buildings\right_13.png">
      <Filter>资源文件\image\buildings</Filter>
    </Image>
    <Image Include="image\buildings\rotater.png">
      <Filter>资源文件\image\buildings</Filter>
    </Image>
    <Image Include="image\buildings\stacker.png">
      <Filter>资源文件\image\buildings</Filter>
    </Image>
    <Image Include="image\buildings\trash.png">
      <Filter>资源文件\image\buildings</Filter>
    </Image>
    <Image Include="image\buildings\underground_belt_entry.png">
      <Filter>资源文件\image\buildings</Filter>
    </Image>
    <Image Include="image\buildings\underground_belt_exit.png">
      <Filter>资源文件\image\buildings</Filter>
    </Image>
    <Image Include="image\buildings\balancer_blue.png">
      <Filter>资源文件\image\buildings</Filter>
    </Image>
    <Image Include="image\buildings\belt_left_blue.png">
      <Filter>资源文件\image\buildings</Filter>
    </Image>
    <Image Include="image\buildings\belt_right_blue.png">
      <Filter>资源文件\image\buildings</Filter>
    </Image>
    <Image Include="image\buildings\belt_top_blue.png">
      <Filter>资源文件\image\buildings</Filter>
    </Image>
    <Image Include="image\buildings\cutter_blue.png">
      <Filter>资源文件\image\buildings</Filter>
    </Image>
    <Image Include="image\buildings\miner_blue.png">
      <Filter>资源文件\image\buildings</Filter>
    </Image>
    <Image Include="image\buildings\mixer_blue.png">
      <Filter>资源文件\image\buildings</Filter>
    </Image>
    <Image Include="image\buildings\painter_blue.png">
      <Filter>资源文件\image\buildings</Filter>
    </Image>
    <Image Include="image\buildings\rotater_blue.png">
      <Filter>资源文件\image\buildings</Filter>
    </Image>
    <Image Include="image\buildings\stacker_blue.png">
      <Filter>资源文件\image\buildings</Filter>
    </Image>
    <Image Include="image\buildings\trash_blue.png">
      <Filter>资源文件\image\buildings</Filter>
    </Image>
    <Image Include="image\buildings\underground_belt_entry_blue.png">
      <Filter>资源文件\image\buildings</Filter>
    </Image>
    <Image Include="image\buildings\underground_belt_exit_blue.png">
      <Filter>资源文件\image\buildings</Filter>
    </Image>
    <Image Include="image\building_icons\balancer.png">
      <Filter>资源文件\image\building_icons</Filter>
    </Image>
    <Image Include="image\building_icons\belt.png">
      <Filter>资源文件\image\building_icons</Filter>
    </Image>
    <Image Include="image\building_icons\block.png">
      <Filter>资源文件\image\building_icons</Filter>
    </Image>
    <Image Include="image\building_icons\cutter.png">
      <Filter>资源文件\image\building_icons</Filter>
    </Image>
    <Image Include="image\building_icons\miner.png">
      <Filter>资源文件\image\building_icons</Filter>
    </Image>
    <Image Include="image\building_icons\mixer.png">
      <Filter>资源文件\image\building_icons</Filter>
    </Image>
    <Image Include="image\building_icons\painter.png">
      <Filter>资源文件\image\building_icons</Filter>
    </Image>
    <Image Include="image\building_icons\rotater.png">
      <Filter>资源文件\image\building_icons</Filter>
    </Image>
    <Image Include="image\building_icons\stacker.png">
      <Filter>资源文件\image\building_icons</Filter>
    </Image>
    <Image Include="image\building_icons\trash.png">
      <Filter>资源文件\image\building_icons</Filter>
    </Image>
    <Image Include="image\building_icons\underground_belt.png">
      <Filter>资源文件\image\building_icons</Filter>
    </Image>
    <Image Include="image\shapes\circle_blue.png">
      <Filter>资源文件\image\shapes</Filter>
    </Image>
    <Image Include="image\shapes\circle_cyan.png">
      <Filter>资源文件\image\shapes</Filter>
    </Image>
    <Image Include="image\shapes\circle_green.png">
      <Filter>资源文件\image\shapes</Filter>
    </Image>
    <Image Include="image\shapes\circle_purple.png">
      <Filter>资源文件\image\shapes</Filter>
    </Image>
    <Image Include="image\shapes\circle_red.png">
      <Filter>资源文件\image\shapes</Filter>
    </Image>
    <Image Include="image\shapes\circle_uncolored.png">
      <Filter>资源文件\image\shapes</Filter>
    </Image>
    <Image Include="image\shapes\circle_white.png">
      <Filter>资源文件\image\shapes</Filter>
    </Image>
    <Image Include="image\shapes\circle_yellow.png">
      <Filter>资源文件\image\shapes</Filter>
    </Image>
    <Image Include="image\shapes\rect_blue.png">
      <Filter>资源文件\image\shapes</Filter>
    </Image>
    <Image Include="image\shapes\rect_cyan.png">
      <Filter>资源文件\image\shapes</Filter>
    </Image>
    <Image Include="image\shapes\rect_green.png">
      <Filter>资源文件\image\shapes</Filter>
    </Image>
    <Image Include="image\shapes\rect_purple.png">
      <Filter>资源文件\image\shapes</Filter>
    </Image>
    <Image Include="image\shapes\rect_red.png">
      <Filter>资源文件\image\shapes</Filter>
    </Image>
    <Image Include="image\shapes\rect_uncolored.png">
      <Filter>资源文件\image\shapes</Filter>
    </Image>
    <Image Include="image\shapes\rect_white.png">
      <Filter>资源文件\image\shapes</Filter>
    </Image>
    <Image Include="image\shapes\rect_yellow.png">
      <Filter>资源文件\image\shapes</Filter>
    </Image>
    <Image Include="image\shapes\star_blue.png">
      <Filter>资源文件\image\shapes</Filter>
    </Image>
    <Image Include="image\shapes\star_cyan.png">
      <Filter>资源文件\image\shapes</Filter>
    </Image>
    <Image Include="image\shapes\star_green.png">
      <Filter>资源文件\image\shapes</Filter>
    </Image>
    <Image Include="image\shapes\star_purple.png">
      <Filter>资源文件\image\shapes</Filter>
    </Image>
    <Image Include="image\shapes\star_red.png">
      <Filter>资源文件\image\shapes</Filter>
    </Image>
    <Image Include="image\shapes\star_uncolored.png">
      <Filter>资源文件\image\shapes</Filter>
    </Image>
    <Image Include="image\shapes\star_white.png">
      <Filter>资源文件\image\shapes</Filter>
    </Image>
    <Image Include="image\shapes\star_yellow.png">
      <Filter>资源文件\image\shapes</Filter>
    </Image>
  </ItemGroup>
  <ItemGroup>
    <None Include="glsl\cell_border.frag">
      <Filter>资源文件\glsl</Filter>
    </None>
    <None Include="glsl\cell_border.vert">
      <Filter>资源文件\glsl</Filter>
    </None>
    <None Include="glsl\tex_alpha.frag">
      <Filter>资源文件\glsl</Filter>
    </None>
    <None Include="glsl\tex_instance.vert">
      <Filter>资源文件\glsl</Filter>
    </None>
    <None Include="image\shapes\circle.psd">
      <Filter>资源文件\image\psd</Filter>
    </None>
    <None Include="image\shapes\rect.psd">
      <Filter>资源文件\image\psd</Filter>
    </None>
    <None Include="image\shapes\star.psd">
      <Filter>资源文件\image\psd</Filter>
    </None>
    <None Include="packages.config" />
    <None Include="glsl\font.frag">
      <Filter>资源文件\glsl</Filter>
    </None>
    <None Include="glsl\font.vert">
      <Filter>资源文件\glsl</Filter>
    </None>
    <None Include="glsl\tex_single.vert">
      <Filter>资源文件\glsl</Filter>
    </None>
  </ItemGroup>
</Project>