<?xml version="1.0" encoding="utf-8"?>
<Project ToolsVersion="4.0" xmlns="http://schemas.microsoft.com/developer/msbuild/2003">
  <ItemGroup>
    <Filter Include="源文件">
      <UniqueIdentifier>{4FC737F1-C7A5-4376-A066-2A32D752A2FF}</UniqueIdentifier>
      <Extensions>cpp;c;cc;cxx;c++;cppm;ixx;def;odl;idl;hpj;bat;asm;asmx</Extensions>
    </Filter>
    <Filter Include="头文件">
      <UniqueIdentifier>{93995380-89BD-4b04-88EB-625FBE52EBFB}</UniqueIdentifier>
      <Extensions>h;hh;hpp;hxx;h++;hm;inl;inc;ipp;xsd</Extensions>
    </Filter>
    <Filter Include="资源文件">
      <UniqueIdentifier>{67DA6AB6-F800-4c08-8B7A-83BB121AAD01}</UniqueIdentifier>
      <Extensions>rc;ico;cur;bmp;dlg;rc2;rct;bin;rgs;gif;jpg;jpeg;jpe;resx;tiff;tif;png;wav;mfcribbon-ms</Extensions>
    </Filter>
    <Filter Include="资源文件\image">
      <UniqueIdentifier>{479e67f5-7a05-4cad-a9bd-40ad896b5026}</UniqueIdentifier>
    </Filter>
    <Filter Include="资源文件\image\buildings">
      <UniqueIdentifier>{f2b1d165-4e4d-470d-94e2-ba3e155ce3c2}</UniqueIdentifier>
    </Filter>
    <Filter Include="资源文件\glsl">
      <UniqueIdentifier>{c87619a4-c28f-4df8-9b4b-41786bf38ee1}</UniqueIdentifier>
    </Filter>
    <Filter Include="源文件\lib">
      <UniqueIdentifier>{fdcfd367-1d7a-4be3-a6c1-3f3c828793de}</UniqueIdentifier>
    </Filter>
    <Filter Include="头文件\render">
      <UniqueIdentifier>{85a57e5c-32fa-41a8-b594-82afc2e8b6fb}</UniqueIdentifier>
    </Filter>
    <Filter Include="源文件\render">
      <UniqueIdentifier>{538f0257-5742-4cc9-a183-90db00fc2e0a}</UniqueIdentifier>
    </Filter>
    <Filter Include="头文件\building">
      <UniqueIdentifier>{86d20afe-27c5-4ed1-9fce-64d104ac9fa5}</UniqueIdentifier>
    </Filter>
    <Filter Include="源文件\building">
      <UniqueIdentifier>{1d3dc507-d545-4f1f-9359-e383903c8545}</UniqueIdentifier>
    </Filter>
    <Filter Include="头文件\util">
      <UniqueIdentifier>{ee6eb8e0-7312-44b2-bf25-39c55ffa6d0d}</UniqueIdentifier>
    </Filter>
    <Filter Include="源文件\util">
      <UniqueIdentifier>{a44dac73-9206-4d75-813c-91cb5d1c3572}</UniqueIdentifier>
    </Filter>
    <Filter Include="头文件\component">
      <UniqueIdentifier>{5f89b49d-33da-43ee-ba57-b5d5f1fe6723}</UniqueIdentifier>
    </Filter>
    <Filter Include="源文件\component">
      <UniqueIdentifier>{f9e49b06-0c45-4e98-ad66-f96b1df770b8}</UniqueIdentifier>
    </Filter>
    <Filter Include="资源文件\image\misc">
      <UniqueIdentifier>{8c9c3510-c6d6-4f1f-a56a-3c493d243595}</UniqueIdentifier>
    </Filter>
    <Filter Include="资源文件\image\resources">
      <UniqueIdentifier>{32c8deb6-a07f-447c-ab02-f394599a978d}</UniqueIdentifier>
    </Filter>
  </ItemGroup>
  <ItemGroup>
    <ClInclude Include="Building.h">
      <Filter>头文件\building</Filter>
    </ClInclude>
    <ClInclude Include="GameLogic.h">
      <Filter>头文件</Filter>
    </ClInclude>
    <ClInclude Include="GameMap.h">
      <Filter>头文件</Filter>
    </ClInclude>
    <ClInclude Include="GameRenderer.h">
      <Filter>头文件</Filter>
    </ClInclude>
    <ClInclude Include="Main.h">
      <Filter>头文件</Filter>
    </ClInclude>
    <ClInclude Include="GameWindow.h">
      <Filter>头文件</Filter>
    </ClInclude>
    <ClInclude Include="BorderDrawer.h">
      <Filter>头文件\render</Filter>
    </ClInclude>
    <ClInclude Include="AbstractDrawer.h">
      <Filter>头文件\render</Filter>
    </ClInclude>
    <ClInclude Include="Miner.h">
      <Filter>头文件\building</Filter>
    </ClInclude>
    <ClInclude Include="Belt.h">
      <Filter>头文件\building</Filter>
    </ClInclude>
    <ClInclude Include="Hub.h">
      <Filter>头文件\building</Filter>
    </ClInclude>
    <ClInclude Include="FontDrawer.h">
      <Filter>头文件\render</Filter>
    </ClInclude>
    <ClInclude Include="Atlas.h">
      <Filter>头文件\render</Filter>
    </ClInclude>
    <ClInclude Include="TextureDrawer.h">
      <Filter>头文件\render</Filter>
    </ClInclude>
    <ClInclude Include="ShapeDrawer.h">
      <Filter>头文件\render</Filter>
    </ClInclude>
    <ClInclude Include="BuildingContext.h">
      <Filter>头文件\building</Filter>
    </ClInclude>
    <ClInclude Include="vec.h">
      <Filter>头文件\util</Filter>
    </ClInclude>
    <ClInclude Include="common.h">
      <Filter>头文件\util</Filter>
    </ClInclude>
    <ClInclude Include="math.h">
      <Filter>头文件\util</Filter>
    </ClInclude>
    <ClInclude Include="resouces.h">
      <Filter>头文件\util</Filter>
    </ClInclude>
    <ClInclude Include="Balancer.h">
      <Filter>头文件\building</Filter>
    </ClInclude>
    <ClInclude Include="Painter.h">
      <Filter>头文件\building</Filter>
    </ClInclude>
    <ClInclude Include="Cutter.h">
      <Filter>头文件\building</Filter>
    </ClInclude>
    <ClInclude Include="Mixer.h">
      <Filter>头文件\building</Filter>
    </ClInclude>
    <ClInclude Include="Rotater.h">
      <Filter>头文件\building</Filter>
    </ClInclude>
    <ClInclude Include="Stacker.h">
      <Filter>头文件\building</Filter>
    </ClInclude>
    <ClInclude Include="Trash.h">
      <Filter>头文件\building</Filter>
    </ClInclude>
    <ClInclude Include="UndergroundBelt1.h">
      <Filter>头文件\building</Filter>
    </ClInclude>
    <ClInclude Include="Timer.h">
      <Filter>头文件\util</Filter>
    </ClInclude>
    <ClInclude Include="TickableBuilding.h">
      <Filter>头文件\building</Filter>
    </ClInclude>
    <ClInclude Include="UndergroundBelt2.h">
      <Filter>头文件\building</Filter>
    </ClInclude>
    <ClInclude Include="MouseHelper.h">
      <Filter>头文件\util</Filter>
    </ClInclude>
    <ClInclude Include="Color.h">
      <Filter>头文件\component</Filter>
    </ClInclude>
    <ClInclude Include="Side.h">
      <Filter>头文件\component</Filter>
    </ClInclude>
    <ClInclude Include="ResourceType.h">
      <Filter>头文件\component</Filter>
    </ClInclude>
    <ClInclude Include="ItemType.h">
      <Filter>头文件\component</Filter>
    </ClInclude>
    <ClInclude Include="Shape.h">
      <Filter>头文件\component</Filter>
    </ClInclude>
    <ClInclude Include="ColoredShapes.h">
      <Filter>头文件\component</Filter>
    </ClInclude>
    <ClInclude Include="BuildingRenderer.h">
      <Filter>头文件\render</Filter>
    </ClInclude>
    <ClInclude Include="PainterRenderer.h">
      <Filter>头文件\render</Filter>
    </ClInclude>
    <ClInclude Include="MinerRenderer.h">
      <Filter>头文件\render</Filter>
    </ClInclude>
    <ClInclude Include="BalancerRenderer.h">
      <Filter>头文件\render</Filter>
    </ClInclude>
    <ClInclude Include="BeltRenderer.h">
      <Filter>头文件\render</Filter>
    </ClInclude>
    <ClInclude Include="CutterRenderer.h">
      <Filter>头文件\render</Filter>
    </ClInclude>
    <ClInclude Include="HubRenderer.h">
      <Filter>头文件\render</Filter>
    </ClInclude>
    <ClInclude Include="MixerRenderer.h">
      <Filter>头文件\render</Filter>
    </ClInclude>
    <ClInclude Include="RotaterRenderer.h">
      <Filter>头文件\render</Filter>
    </ClInclude>
    <ClInclude Include="StackerRenderer.h">
      <Filter>头文件\render</Filter>
    </ClInclude>
    <ClInclude Include="TrashRenderer.h">
      <Filter>头文件\render</Filter>
    </ClInclude>
    <ClInclude Include="UndergroundBelt1Renderer.h">
      <Filter>头文件\render</Filter>
    </ClInclude>
    <ClInclude Include="UndergroundBelt2Renderer.h">
      <Filter>头文件\render</Filter>
    </ClInclude>
  </ItemGroup>
  <ItemGroup>
    <ClCompile Include="GameMap.cpp">
      <Filter>源文件</Filter>
    </ClCompile>
    <ClCompile Include="GameRenderer.cpp">
      <Filter>源文件</Filter>
    </ClCompile>
    <ClCompile Include="Main.cpp">
      <Filter>源文件</Filter>
    </ClCompile>
    <ClCompile Include="GameWindow.cpp">
      <Filter>源文件</Filter>
    </ClCompile>
    <ClCompile Include="..\..\SupportLibraries\vs_libs\src\glad.c">
      <Filter>源文件\lib</Filter>
    </ClCompile>
    <ClCompile Include="BorderDrawer.cpp">
      <Filter>源文件\render</Filter>
    </ClCompile>
    <ClCompile Include="AbstractDrawer.cpp">
      <Filter>源文件\render</Filter>
    </ClCompile>
    <ClCompile Include="Building.cpp">
      <Filter>源文件\building</Filter>
    </ClCompile>
    <ClCompile Include="Miner.cpp">
      <Filter>源文件\building</Filter>
    </ClCompile>
    <ClCompile Include="Belt.cpp">
      <Filter>源文件\building</Filter>
    </ClCompile>
    <ClCompile Include="Hub.cpp">
      <Filter>源文件\building</Filter>
    </ClCompile>
    <ClCompile Include="FontDrawer.cpp">
      <Filter>源文件\render</Filter>
    </ClCompile>
    <ClCompile Include="Atlas.cpp">
      <Filter>源文件\render</Filter>
    </ClCompile>
    <ClCompile Include="TextureDrawer.cpp">
      <Filter>源文件\render</Filter>
    </ClCompile>
    <ClCompile Include="ShapeDrawer.cpp">
      <Filter>源文件\render</Filter>
    </ClCompile>
    <ClCompile Include="common.cpp">
      <Filter>源文件\util</Filter>
    </ClCompile>
    <ClCompile Include="resouces.cpp">
      <Filter>源文件\util</Filter>
    </ClCompile>
    <ClCompile Include="Balancer.cpp">
      <Filter>源文件\building</Filter>
    </ClCompile>
    <ClCompile Include="Cutter.cpp">
      <Filter>源文件\building</Filter>
    </ClCompile>
    <ClCompile Include="Mixer.cpp">
      <Filter>源文件\building</Filter>
    </ClCompile>
    <ClCompile Include="Painter.cpp">
      <Filter>源文件\building</Filter>
    </ClCompile>
    <ClCompile Include="Rotater.cpp">
      <Filter>源文件\building</Filter>
    </ClCompile>
    <ClCompile Include="Stacker.cpp">
      <Filter>源文件\building</Filter>
    </ClCompile>
    <ClCompile Include="Trash.cpp">
      <Filter>源文件\building</Filter>
    </ClCompile>
    <ClCompile Include="UndergroundBelt1.cpp">
      <Filter>源文件\building</Filter>
    </ClCompile>
    <ClCompile Include="Timer.cpp">
      <Filter>源文件\util</Filter>
    </ClCompile>
    <ClCompile Include="TickableBuilding.cpp">
      <Filter>源文件\building</Filter>
    </ClCompile>
    <ClCompile Include="UndergroundBelt2.cpp">
      <Filter>源文件\building</Filter>
    </ClCompile>
    <ClCompile Include="MouseHelper.cpp">
      <Filter>源文件\util</Filter>
    </ClCompile>
    <ClCompile Include="Side.cpp">
      <Filter>源文件\component</Filter>
    </ClCompile>
    <ClCompile Include="ColoredShapes.cpp">
      <Filter>源文件\component</Filter>
    </ClCompile>
    <ClCompile Include="GameLogic.cpp">
      <Filter>源文件</Filter>
    </ClCompile>
    <ClCompile Include="PainterRenderer.cpp">
      <Filter>源文件\render</Filter>
    </ClCompile>
    <ClCompile Include="MinerRenderer.cpp">
      <Filter>源文件\render</Filter>
    </ClCompile>
    <ClCompile Include="BalancerRenderer.cpp">
      <Filter>源文件\render</Filter>
    </ClCompile>
    <ClCompile Include="BeltRenderer.cpp">
      <Filter>源文件\render</Filter>
    </ClCompile>
    <ClCompile Include="CutterRenderer.cpp">
      <Filter>源文件\render</Filter>
    </ClCompile>
    <ClCompile Include="HubRenderer.cpp">
      <Filter>源文件\render</Filter>
    </ClCompile>
    <ClCompile Include="MixerRenderer.cpp">
      <Filter>源文件\render</Filter>
    </ClCompile>
    <ClCompile Include="RotaterRenderer.cpp">
      <Filter>源文件\render</Filter>
    </ClCompile>
    <ClCompile Include="StackerRenderer.cpp">
      <Filter>源文件\render</Filter>
    </ClCompile>
    <ClCompile Include="TrashRenderer.cpp">
      <Filter>源文件\render</Filter>
    </ClCompile>
    <ClCompile Include="UndergroundBelt1Renderer.cpp">
      <Filter>源文件\render</Filter>
    </ClCompile>
    <ClCompile Include="UndergroundBelt2Renderer.cpp">
      <Filter>源文件\render</Filter>
    </ClCompile>
    <ClCompile Include="run.cpp">
      <Filter>源文件</Filter>
    </ClCompile>
  </ItemGroup>
  <ItemGroup>
    <Image Include="image\buildings\balancer.png">
      <Filter>资源文件\image\buildings</Filter>
    </Image>
    <Image Include="image\buildings\cutter.png">
      <Filter>资源文件\image\buildings</Filter>
    </Image>
    <Image Include="image\buildings\forward_0.png">
      <Filter>资源文件\image\buildings</Filter>
    </Image>
    <Image Include="image\buildings\forward_1.png">
      <Filter>资源文件\image\buildings</Filter>
    </Image>
    <Image Include="image\buildings\forward_2.png">
      <Filter>资源文件\image\buildings</Filter>
    </Image>
    <Image Include="image\buildings\forward_3.png">
      <Filter>资源文件\image\buildings</Filter>
    </Image>
    <Image Include="image\buildings\forward_4.png">
      <Filter>资源文件\image\buildings</Filter>
    </Image>
    <Image Include="image\buildings\forward_5.png">
      <Filter>资源文件\image\buildings</Filter>
    </Image>
    <Image Include="image\buildings\forward_6.png">
      <Filter>资源文件\image\buildings</Filter>
    </Image>
    <Image Include="image\buildings\forward_7.png">
      <Filter>资源文件\image\buildings</Filter>
    </Image>
    <Image Include="image\buildings\forward_8.png">
      <Filter>资源文件\image\buildings</Filter>
    </Image>
    <Image Include="image\buildings\forward_9.png">
      <Filter>资源文件\image\buildings</Filter>
    </Image>
    <Image Include="image\buildings\forward_10.png">
      <Filter>资源文件\image\buildings</Filter>
    </Image>
    <Image Include="image\buildings\forward_11.png">
      <Filter>资源文件\image\buildings</Filter>
    </Image>
    <Image Include="image\buildings\forward_12.png">
      <Filter>资源文件\image\buildings</Filter>
    </Image>
    <Image Include="image\buildings\forward_13.png">
      <Filter>资源文件\image\buildings</Filter>
    </Image>
    <Image Include="image\buildings\hub.png">
      <Filter>资源文件\image\buildings</Filter>
    </Image>
    <Image Include="image\buildings\left_0.png">
      <Filter>资源文件\image\buildings</Filter>
    </Image>
    <Image Include="image\buildings\left_1.png">
      <Filter>资源文件\image\buildings</Filter>
    </Image>
    <Image Include="image\buildings\left_2.png">
      <Filter>资源文件\image\buildings</Filter>
    </Image>
    <Image Include="image\buildings\left_3.png">
      <Filter>资源文件\image\buildings</Filter>
    </Image>
    <Image Include="image\buildings\left_4.png">
      <Filter>资源文件\image\buildings</Filter>
    </Image>
    <Image Include="image\buildings\left_5.png">
      <Filter>资源文件\image\buildings</Filter>
    </Image>
    <Image Include="image\buildings\left_6.png">
      <Filter>资源文件\image\buildings</Filter>
    </Image>
    <Image Include="image\buildings\left_7.png">
      <Filter>资源文件\image\buildings</Filter>
    </Image>
    <Image Include="image\buildings\left_8.png">
      <Filter>资源文件\image\buildings</Filter>
    </Image>
    <Image Include="image\buildings\left_9.png">
      <Filter>资源文件\image\buildings</Filter>
    </Image>
    <Image Include="image\buildings\left_10.png">
      <Filter>资源文件\image\buildings</Filter>
    </Image>
    <Image Include="image\buildings\left_11.png">
      <Filter>资源文件\image\buildings</Filter>
    </Image>
    <Image Include="image\buildings\left_12.png">
      <Filter>资源文件\image\buildings</Filter>
    </Image>
    <Image Include="image\buildings\left_13.png">
      <Filter>资源文件\image\buildings</Filter>
    </Image>
    <Image Include="image\buildings\miner.png">
      <Filter>资源文件\image\buildings</Filter>
    </Image>
    <Image Include="image\buildings\miner-chainable.png">
      <Filter>资源文件\image\buildings</Filter>
    </Image>
    <Image Include="image\buildings\mixer.png">
      <Filter>资源文件\image\buildings</Filter>
    </Image>
    <Image Include="image\buildings\painter.png">
      <Filter>资源文件\image\buildings</Filter>
    </Image>
    <Image Include="image\buildings\right_0.png">
      <Filter>资源文件\image\buildings</Filter>
    </Image>
    <Image Include="image\buildings\right_1.png">
      <Filter>资源文件\image\buildings</Filter>
    </Image>
    <Image Include="image\buildings\right_2.png">
      <Filter>资源文件\image\buildings</Filter>
    </Image>
    <Image Include="image\buildings\right_3.png">
      <Filter>资源文件\image\buildings</Filter>
    </Image>
    <Image Include="image\buildings\right_4.png">
      <Filter>资源文件\image\buildings</Filter>
    </Image>
    <Image Include="image\buildings\right_5.png">
      <Filter>资源文件\image\buildings</Filter>
    </Image>
    <Image Include="image\buildings\right_6.png">
      <Filter>资源文件\image\buildings</Filter>
    </Image>
    <Image Include="image\buildings\right_7.png">
      <Filter>资源文件\image\buildings</Filter>
    </Image>
    <Image Include="image\buildings\right_8.png">
      <Filter>资源文件\image\buildings</Filter>
    </Image>
    <Image Include="image\buildings\right_9.png">
      <Filter>资源文件\image\buildings</Filter>
    </Image>
    <Image Include="image\buildings\right_10.png">
      <Filter>资源文件\image\buildings</Filter>
    </Image>
    <Image Include="image\buildings\right_11.png">
      <Filter>资源文件\image\buildings</Filter>
    </Image>
    <Image Include="image\buildings\right_12.png">
      <Filter>资源文件\image\buildings</Filter>
    </Image>
    <Image Include="image\buildings\right_13.png">
      <Filter>资源文件\image\buildings</Filter>
    </Image>
    <Image Include="image\buildings\rotater.png">
      <Filter>资源文件\image\buildings</Filter>
    </Image>
    <Image Include="image\buildings\stacker.png">
      <Filter>资源文件\image\buildings</Filter>
    </Image>
    <Image Include="image\buildings\trash.png">
      <Filter>资源文件\image\buildings</Filter>
    </Image>
    <Image Include="image\buildings\underground_belt_entry.png">
      <Filter>资源文件\image\buildings</Filter>
    </Image>
    <Image Include="image\buildings\underground_belt_exit.png">
      <Filter>资源文件\image\buildings</Filter>
    </Image>
    <Image Include="image\buildings\balancer_blue.png">
      <Filter>资源文件\image\buildings</Filter>
    </Image>
    <Image Include="image\buildings\belt_left_blue.png">
      <Filter>资源文件\image\buildings</Filter>
    </Image>
    <Image Include="image\buildings\belt_right_blue.png">
      <Filter>资源文件\image\buildings</Filter>
    </Image>
    <Image Include="image\buildings\belt_top_blue.png">
      <Filter>资源文件\image\buildings</Filter>
    </Image>
    <Image Include="image\buildings\cutter_blue.png">
      <Filter>资源文件\image\buildings</Filter>
    </Image>
    <Image Include="image\buildings\miner_blue.png">
      <Filter>资源文件\image\buildings</Filter>
    </Image>
    <Image Include="image\buildings\mixer_blue.png">
      <Filter>资源文件\image\buildings</Filter>
    </Image>
    <Image Include="image\buildings\painter_blue.png">
      <Filter>资源文件\image\buildings</Filter>
    </Image>
    <Image Include="image\buildings\rotater_blue.png">
      <Filter>资源文件\image\buildings</Filter>
    </Image>
    <Image Include="image\buildings\stacker_blue.png">
      <Filter>资源文件\image\buildings</Filter>
    </Image>
    <Image Include="image\buildings\trash_blue.png">
      <Filter>资源文件\image\buildings</Filter>
    </Image>
    <Image Include="image\buildings\underground_belt_entry_blue.png">
      <Filter>资源文件\image\buildings</Filter>
    </Image>
    <Image Include="image\buildings\underground_belt_exit_blue.png">
      <Filter>资源文件\image\buildings</Filter>
    </Image>
    <Image Include="image\buildings\rotater-ccw.png">
      <Filter>资源文件\image\buildings</Filter>
    </Image>
    <Image Include="image\buildings\rotater-ccw_blue.png">
      <Filter>资源文件\image\buildings</Filter>
    </Image>
    <Image Include="image\misc\slot_bad_arrow.png">
      <Filter>资源文件\image\misc</Filter>
    </Image>
    <Image Include="image\misc\slot_good_arrow.png">
      <Filter>资源文件\image\misc</Filter>
    </Image>
    <Image Include="image\misc\storage_overlay.png">
      <Filter>资源文件\image\misc</Filter>
    </Image>
    <Image Include="image\buildings\balancer_icon.png">
      <Filter>资源文件\image\buildings</Filter>
    </Image>
    <Image Include="image\buildings\belt_icon.png">
      <Filter>资源文件\image\buildings</Filter>
    </Image>
    <Image Include="image\buildings\block_icon.png">
      <Filter>资源文件\image\buildings</Filter>
    </Image>
    <Image Include="image\buildings\cutter_icon.png">
      <Filter>资源文件\image\buildings</Filter>
    </Image>
    <Image Include="image\buildings\miner_icon.png">
      <Filter>资源文件\image\buildings</Filter>
    </Image>
    <Image Include="image\buildings\mixer_icon.png">
      <Filter>资源文件\image\buildings</Filter>
    </Image>
    <Image Include="image\buildings\painter_icon.png">
      <Filter>资源文件\image\buildings</Filter>
    </Image>
    <Image Include="image\buildings\rotater_icon.png">
      <Filter>资源文件\image\buildings</Filter>
    </Image>
    <Image Include="image\buildings\stacker_icon.png">
      <Filter>资源文件\image\buildings</Filter>
    </Image>
    <Image Include="image\buildings\trash_icon.png">
      <Filter>资源文件\image\buildings</Filter>
    </Image>
    <Image Include="image\buildings\underground_belt_icon.png">
      <Filter>资源文件\image\buildings</Filter>
    </Image>
    <Image Include="image\resources\blue.png">
      <Filter>资源文件\image\resources</Filter>
    </Image>
    <Image Include="image\resources\circle_blue.png">
      <Filter>资源文件\image\resources</Filter>
    </Image>
    <Image Include="image\resources\circle_cyan.png">
      <Filter>资源文件\image\resources</Filter>
    </Image>
    <Image Include="image\resources\circle_green.png">
      <Filter>资源文件\image\resources</Filter>
    </Image>
    <Image Include="image\resources\circle_purple.png">
      <Filter>资源文件\image\resources</Filter>
    </Image>
    <Image Include="image\resources\circle_red.png">
      <Filter>资源文件\image\resources</Filter>
    </Image>
    <Image Include="image\resources\circle_uncolored.png">
      <Filter>资源文件\image\resources</Filter>
    </Image>
    <Image Include="image\resources\circle_white.png">
      <Filter>资源文件\image\resources</Filter>
    </Image>
    <Image Include="image\resources\circle_yellow.png">
      <Filter>资源文件\image\resources</Filter>
    </Image>
    <Image Include="image\resources\cyan.png">
      <Filter>资源文件\image\resources</Filter>
    </Image>
    <Image Include="image\resources\green.png">
      <Filter>资源文件\image\resources</Filter>
    </Image>
    <Image Include="image\resources\purple.png">
      <Filter>资源文件\image\resources</Filter>
    </Image>
    <Image Include="image\resources\rect_blue.png">
      <Filter>资源文件\image\resources</Filter>
    </Image>
    <Image Include="image\resources\rect_cyan.png">
      <Filter>资源文件\image\resources</Filter>
    </Image>
    <Image Include="image\resources\rect_green.png">
      <Filter>资源文件\image\resources</Filter>
    </Image>
    <Image Include="image\resources\rect_purple.png">
      <Filter>资源文件\image\resources</Filter>
    </Image>
    <Image Include="image\resources\rect_red.png">
      <Filter>资源文件\image\resources</Filter>
    </Image>
    <Image Include="image\resources\rect_uncolored.png">
      <Filter>资源文件\image\resources</Filter>
    </Image>
    <Image Include="image\resources\rect_white.png">
      <Filter>资源文件\image\resources</Filter>
    </Image>
    <Image Include="image\resources\rect_yellow.png">
      <Filter>资源文件\image\resources</Filter>
    </Image>
    <Image Include="image\resources\red.png">
      <Filter>资源文件\image\resources</Filter>
    </Image>
    <Image Include="image\resources\star_blue.png">
      <Filter>资源文件\image\resources</Filter>
    </Image>
    <Image Include="image\resources\star_cyan.png">
      <Filter>资源文件\image\resources</Filter>
    </Image>
    <Image Include="image\resources\star_green.png">
      <Filter>资源文件\image\resources</Filter>
    </Image>
    <Image Include="image\resources\star_purple.png">
      <Filter>资源文件\image\resources</Filter>
    </Image>
    <Image Include="image\resources\star_red.png">
      <Filter>资源文件\image\resources</Filter>
    </Image>
    <Image Include="image\resources\star_uncolored.png">
      <Filter>资源文件\image\resources</Filter>
    </Image>
    <Image Include="image\resources\star_white.png">
      <Filter>资源文件\image\resources</Filter>
    </Image>
    <Image Include="image\resources\star_yellow.png">
      <Filter>资源文件\image\resources</Filter>
    </Image>
    <Image Include="image\resources\uncolored.png">
      <Filter>资源文件\image\resources</Filter>
    </Image>
    <Image Include="image\resources\white.png">
      <Filter>资源文件\image\resources</Filter>
    </Image>
    <Image Include="image\resources\yellow.png">
      <Filter>资源文件\image\resources</Filter>
    </Image>
    <Image Include="image\misc\button_background.png">
      <Filter>资源文件\image\misc</Filter>
    </Image>
  </ItemGroup>
  <ItemGroup>
    <None Include="glsl\cell_border.frag">
      <Filter>资源文件\glsl</Filter>
    </None>
    <None Include="glsl\cell_border.vert">
      <Filter>资源文件\glsl</Filter>
    </None>
    <None Include="glsl\tex_alpha.frag">
      <Filter>资源文件\glsl</Filter>
    </None>
    <None Include="glsl\tex_instance.vert">
      <Filter>资源文件\glsl</Filter>
    </None>
    <None Include="packages.config" />
    <None Include="glsl\font.frag">
      <Filter>资源文件\glsl</Filter>
    </None>
    <None Include="glsl\font.vert">
      <Filter>资源文件\glsl</Filter>
    </None>
    <None Include="glsl\tex_single.vert">
      <Filter>资源文件\glsl</Filter>
    </None>
    <None Include="glsl\direct.frag">
      <Filter>资源文件\glsl</Filter>
    </None>
    <None Include="glsl\shape.vert">
      <Filter>资源文件\glsl</Filter>
    </None>
    <None Include="image\resources\circle.psd">
      <Filter>资源文件\image\resources</Filter>
    </None>
    <None Include="image\resources\rect.psd">
      <Filter>资源文件\image\resources</Filter>
    </None>
    <None Include="image\resources\star.psd">
      <Filter>资源文件\image\resources</Filter>
    </None>
  </ItemGroup>
</Project>