<?xml version="1.0" encoding="utf-8"?>
<Project ToolsVersion="4.0" xmlns="http://schemas.microsoft.com/developer/msbuild/2003">
  <ItemGroup>
    <Filter Include="源文件">
      <UniqueIdentifier>{4FC737F1-C7A5-4376-A066-2A32D752A2FF}</UniqueIdentifier>
      <Extensions>cpp;c;cc;cxx;c++;cppm;ixx;def;odl;idl;hpj;bat;asm;asmx</Extensions>
    </Filter>
    <Filter Include="头文件">
      <UniqueIdentifier>{93995380-89BD-4b04-88EB-625FBE52EBFB}</UniqueIdentifier>
      <Extensions>h;hh;hpp;hxx;h++;hm;inl;inc;ipp;xsd</Extensions>
    </Filter>
    <Filter Include="资源文件">
      <UniqueIdentifier>{67DA6AB6-F800-4c08-8B7A-83BB121AAD01}</UniqueIdentifier>
      <Extensions>rc;ico;cur;bmp;dlg;rc2;rct;bin;rgs;gif;jpg;jpeg;jpe;resx;tiff;tif;png;wav;mfcribbon-ms</Extensions>
    </Filter>
    <Filter Include="头文件\shapez">
      <UniqueIdentifier>{cbce7353-486a-4395-b4d8-10c69088256d}</UniqueIdentifier>
    </Filter>
    <Filter Include="头文件\shapez\buildings">
      <UniqueIdentifier>{86d20afe-27c5-4ed1-9fce-64d104ac9fa5}</UniqueIdentifier>
    </Filter>
    <Filter Include="源文件\shapez">
      <UniqueIdentifier>{8fa3b04f-72ed-41a0-8085-b10105030dc0}</UniqueIdentifier>
    </Filter>
    <Filter Include="源文件\shapez\buildings">
      <UniqueIdentifier>{1d3dc507-d545-4f1f-9359-e383903c8545}</UniqueIdentifier>
    </Filter>
    <Filter Include="源文件\hieasyx">
      <UniqueIdentifier>{422642a8-c7c2-42ab-ab9f-56f00f94a3b5}</UniqueIdentifier>
    </Filter>
    <Filter Include="头文件\hieasyx">
      <UniqueIdentifier>{a9f25dbb-d831-4424-b8c8-2fb4c107d615}</UniqueIdentifier>
    </Filter>
  </ItemGroup>
  <ItemGroup>
    <ClInclude Include="BuildingBelt.h">
      <Filter>头文件\shapez\buildings</Filter>
    </ClInclude>
    <ClInclude Include="Building.h">
      <Filter>头文件\shapez\buildings</Filter>
    </ClInclude>
    <ClInclude Include="BuildingBalancer.h">
      <Filter>头文件\shapez\buildings</Filter>
    </ClInclude>
    <ClInclude Include="Common.h">
      <Filter>头文件\shapez</Filter>
    </ClInclude>
    <ClInclude Include="GameLogic.h">
      <Filter>头文件\shapez</Filter>
    </ClInclude>
    <ClInclude Include="GameMap.h">
      <Filter>头文件\shapez</Filter>
    </ClInclude>
    <ClInclude Include="GameRenderer.h">
      <Filter>头文件\shapez</Filter>
    </ClInclude>
    <ClInclude Include="Item.h">
      <Filter>头文件\shapez</Filter>
    </ClInclude>
    <ClInclude Include="Main.h">
      <Filter>头文件\shapez</Filter>
    </ClInclude>
    <ClInclude Include="Timer.h">
      <Filter>头文件\shapez</Filter>
    </ClInclude>
    <ClInclude Include="HiEasyX\HiCanvas.h">
      <Filter>头文件\hieasyx</Filter>
    </ClInclude>
    <ClInclude Include="HiEasyX\HiContainer.h">
      <Filter>头文件\hieasyx</Filter>
    </ClInclude>
    <ClInclude Include="HiEasyX\HiDef.h">
      <Filter>头文件\hieasyx</Filter>
    </ClInclude>
    <ClInclude Include="HiEasyX\HiDrawingProperty.h">
      <Filter>头文件\hieasyx</Filter>
    </ClInclude>
    <ClInclude Include="HiEasyX\HiFPS.h">
      <Filter>头文件\hieasyx</Filter>
    </ClInclude>
    <ClInclude Include="HiEasyX\HiFunc.h">
      <Filter>头文件\hieasyx</Filter>
    </ClInclude>
    <ClInclude Include="HiEasyX\HiGdiplus.h">
      <Filter>头文件\hieasyx</Filter>
    </ClInclude>
    <ClInclude Include="HiEasyX\HiGif.h">
      <Filter>头文件\hieasyx</Filter>
    </ClInclude>
    <ClInclude Include="HiEasyX\HiIcon.h">
      <Filter>头文件\hieasyx</Filter>
    </ClInclude>
    <ClInclude Include="HiEasyX\HiMacro.h">
      <Filter>头文件\hieasyx</Filter>
    </ClInclude>
    <ClInclude Include="HiEasyX\HiMouseDrag.h">
      <Filter>头文件\hieasyx</Filter>
    </ClInclude>
    <ClInclude Include="HiEasyX\HiMusicMCI.h">
      <Filter>头文件\hieasyx</Filter>
    </ClInclude>
    <ClInclude Include="HiEasyX\HiStart.h">
      <Filter>头文件\hieasyx</Filter>
    </ClInclude>
    <ClInclude Include="HiEasyX\HiWindow.h">
      <Filter>头文件\hieasyx</Filter>
    </ClInclude>
    <ClInclude Include="HiEasyX\HiGUI\Button.h">
      <Filter>头文件\hieasyx</Filter>
    </ClInclude>
    <ClInclude Include="HiEasyX\HiGUI\ControlBase.h">
      <Filter>头文件\hieasyx</Filter>
    </ClInclude>
    <ClInclude Include="HiEasyX\HiGUI\HiGUI.h">
      <Filter>头文件\hieasyx</Filter>
    </ClInclude>
    <ClInclude Include="HiEasyX\HiGUI\Page.h">
      <Filter>头文件\hieasyx</Filter>
    </ClInclude>
    <ClInclude Include="HiEasyX\HiGUI\ProgressCtrl.h">
      <Filter>头文件\hieasyx</Filter>
    </ClInclude>
    <ClInclude Include="HiEasyX\HiGUI\ScrollBar.h">
      <Filter>头文件\hieasyx</Filter>
    </ClInclude>
    <ClInclude Include="HiEasyX\HiGUI\Static.h">
      <Filter>头文件\hieasyx</Filter>
    </ClInclude>
    <ClInclude Include="HiEasyX\HiSysGUI\HiSysGUI.h">
      <Filter>头文件\hieasyx</Filter>
    </ClInclude>
    <ClInclude Include="HiEasyX\HiSysGUI\SysButton.h">
      <Filter>头文件\hieasyx</Filter>
    </ClInclude>
    <ClInclude Include="HiEasyX\HiSysGUI\SysCheckBox.h">
      <Filter>头文件\hieasyx</Filter>
    </ClInclude>
    <ClInclude Include="HiEasyX\HiSysGUI\SysComboBox.h">
      <Filter>头文件\hieasyx</Filter>
    </ClInclude>
    <ClInclude Include="HiEasyX\HiSysGUI\SysControlBase.h">
      <Filter>头文件\hieasyx</Filter>
    </ClInclude>
    <ClInclude Include="HiEasyX\HiSysGUI\SysEdit.h">
      <Filter>头文件\hieasyx</Filter>
    </ClInclude>
    <ClInclude Include="HiEasyX\HiSysGUI\SysGroup.h">
      <Filter>头文件\hieasyx</Filter>
    </ClInclude>
    <ClInclude Include="HiEasyX\HiSysGUI\SysGroupBox.h">
      <Filter>头文件\hieasyx</Filter>
    </ClInclude>
    <ClInclude Include="HiEasyX\HiSysGUI\SysRadioButton.h">
      <Filter>头文件\hieasyx</Filter>
    </ClInclude>
    <ClInclude Include="HiEasyX\HiSysGUI\SysStatic.h">
      <Filter>头文件\hieasyx</Filter>
    </ClInclude>
    <ClInclude Include="HiEasyX.h">
      <Filter>头文件</Filter>
    </ClInclude>
  </ItemGroup>
  <ItemGroup>
    <ClCompile Include="BuildingBalancer.cpp">
      <Filter>源文件\shapez\buildings</Filter>
    </ClCompile>
    <ClCompile Include="BuildingBelt.cpp">
      <Filter>源文件\shapez\buildings</Filter>
    </ClCompile>
    <ClCompile Include="Common.cpp">
      <Filter>源文件\shapez</Filter>
    </ClCompile>
    <ClCompile Include="GameLogic.cpp">
      <Filter>源文件\shapez</Filter>
    </ClCompile>
    <ClCompile Include="GameMap.cpp">
      <Filter>源文件\shapez</Filter>
    </ClCompile>
    <ClCompile Include="GameRenderer.cpp">
      <Filter>源文件\shapez</Filter>
    </ClCompile>
    <ClCompile Include="Item.cpp">
      <Filter>源文件\shapez</Filter>
    </ClCompile>
    <ClCompile Include="Timer.cpp">
      <Filter>源文件\shapez</Filter>
    </ClCompile>
    <ClCompile Include="Main.cpp">
      <Filter>源文件\shapez</Filter>
    </ClCompile>
    <ClCompile Include="app.cpp">
      <Filter>源文件</Filter>
    </ClCompile>
    <ClCompile Include="HiEasyX\HiCanvas.cpp">
      <Filter>源文件\hieasyx</Filter>
    </ClCompile>
    <ClCompile Include="HiEasyX\HiContainer.cpp">
      <Filter>源文件\hieasyx</Filter>
    </ClCompile>
    <ClCompile Include="HiEasyX\HiDrawingProperty.cpp">
      <Filter>源文件\hieasyx</Filter>
    </ClCompile>
    <ClCompile Include="HiEasyX\HiFPS.cpp">
      <Filter>源文件\hieasyx</Filter>
    </ClCompile>
    <ClCompile Include="HiEasyX\HiFunc.cpp">
      <Filter>源文件\hieasyx</Filter>
    </ClCompile>
    <ClCompile Include="HiEasyX\HiGdiplus.cpp">
      <Filter>源文件\hieasyx</Filter>
    </ClCompile>
    <ClCompile Include="HiEasyX\HiGif.cpp">
      <Filter>源文件\hieasyx</Filter>
    </ClCompile>
    <ClCompile Include="HiEasyX\HiIcon.cpp">
      <Filter>源文件\hieasyx</Filter>
    </ClCompile>
    <ClCompile Include="HiEasyX\HiMouseDrag.cpp">
      <Filter>源文件\hieasyx</Filter>
    </ClCompile>
    <ClCompile Include="HiEasyX\HiMusicMCI.cpp">
      <Filter>源文件\hieasyx</Filter>
    </ClCompile>
    <ClCompile Include="HiEasyX\HiStart.cpp">
      <Filter>源文件\hieasyx</Filter>
    </ClCompile>
    <ClCompile Include="HiEasyX\HiWindow.cpp">
      <Filter>源文件\hieasyx</Filter>
    </ClCompile>
    <ClCompile Include="HiEasyX\HiGUI\Button.cpp">
      <Filter>源文件\hieasyx</Filter>
    </ClCompile>
    <ClCompile Include="HiEasyX\HiGUI\ControlBase.cpp">
      <Filter>源文件\hieasyx</Filter>
    </ClCompile>
    <ClCompile Include="HiEasyX\HiGUI\Page.cpp">
      <Filter>源文件\hieasyx</Filter>
    </ClCompile>
    <ClCompile Include="HiEasyX\HiGUI\ProgressCtrl.cpp">
      <Filter>源文件\hieasyx</Filter>
    </ClCompile>
    <ClCompile Include="HiEasyX\HiGUI\ScrollBar.cpp">
      <Filter>源文件\hieasyx</Filter>
    </ClCompile>
    <ClCompile Include="HiEasyX\HiGUI\Static.cpp">
      <Filter>源文件\hieasyx</Filter>
    </ClCompile>
    <ClCompile Include="HiEasyX\HiSysGUI\SysButton.cpp">
      <Filter>源文件\hieasyx</Filter>
    </ClCompile>
    <ClCompile Include="HiEasyX\HiSysGUI\SysCheckBox.cpp">
      <Filter>源文件\hieasyx</Filter>
    </ClCompile>
    <ClCompile Include="HiEasyX\HiSysGUI\SysComboBox.cpp">
      <Filter>源文件\hieasyx</Filter>
    </ClCompile>
    <ClCompile Include="HiEasyX\HiSysGUI\SysControlBase.cpp">
      <Filter>源文件\hieasyx</Filter>
    </ClCompile>
    <ClCompile Include="HiEasyX\HiSysGUI\SysEdit.cpp">
      <Filter>源文件\hieasyx</Filter>
    </ClCompile>
    <ClCompile Include="HiEasyX\HiSysGUI\SysGroup.cpp">
      <Filter>源文件\hieasyx</Filter>
    </ClCompile>
    <ClCompile Include="HiEasyX\HiSysGUI\SysGroupBox.cpp">
      <Filter>源文件\hieasyx</Filter>
    </ClCompile>
    <ClCompile Include="HiEasyX\HiSysGUI\SysRadioButton.cpp">
      <Filter>源文件\hieasyx</Filter>
    </ClCompile>
    <ClCompile Include="HiEasyX\HiSysGUI\SysStatic.cpp">
      <Filter>源文件\hieasyx</Filter>
    </ClCompile>
  </ItemGroup>
</Project>